
Microsoft Visual Studio Solution File, Format Version 12.00
# Visual Studio Version 17
VisualStudioVersion = 17.3.32922.545
MinimumVisualStudioVersion = 10.0.40219.1
Project("{9A19103F-16F7-4668-BE54-9A1E7A4F7556}") = "front-to-back", "WebApplication3\front-to-back.csproj", "{FF1DF2CD-B2AC-42A1-80C2-FED2D660BED1}"
EndProject
Global
	GlobalSection(SolutionConfigurationPlatforms) = preSolution
		Debug|Any CPU = Debug|Any CPU
		Release|Any CPU = Release|Any CPU
	EndGlobalSection
	GlobalSection(ProjectConfigurationPlatforms) = postSolution
		{FF1DF2CD-B2AC-42A1-80C2-FED2D660BED1}.Debug|Any CPU.ActiveCfg = Debug|Any CPU
		{FF1DF2CD-B2AC-42A1-80C2-FED2D660BED1}.Debug|Any CPU.Build.0 = Debug|Any CPU
		{FF1DF2CD-B2AC-42A1-80C2-FED2D660BED1}.Release|Any CPU.ActiveCfg = Release|Any CPU
		{FF1DF2CD-B2AC-42A1-80C2-FED2D660BED1}.Release|Any CPU.Build.0 = Release|Any CPU
	EndGlobalSection
	GlobalSection(SolutionProperties) = preSolution
		HideSolutionNode = FALSE
	EndGlobalSection
	GlobalSection(ExtensibilityGlobals) = postSolution
		SolutionGuid = {F793B978-E61C-4021-B235-4B127DFACD4F}
	EndGlobalSection
EndGlobal
